// !$*UTF8*$!
{
	archiveVersion = 1;
	classes = {
	};
	objectVersion = 55;
	objects = {

/* Begin PBXBuildFile section */
		EEB84DD029081EF6001322E2 /* Bird.swift in Sources */ = {isa = PBXBuildFile; fileRef = EEB84DCF29081EF6001322E2 /* Bird.swift */; };
		EEB84DD22908211E001322E2 /* FinalViewController.swift in Sources */ = {isa = PBXBuildFile; fileRef = EEB84DD12908211E001322E2 /* FinalViewController.swift */; };
		EEE61BF12907FBA6003605D9 /* AppDelegate.swift in Sources */ = {isa = PBXBuildFile; fileRef = EEE61BF02907FBA6003605D9 /* AppDelegate.swift */; };
		EEE61BF32907FBA6003605D9 /* GameScene.sks in Resources */ = {isa = PBXBuildFile; fileRef = EEE61BF22907FBA6003605D9 /* GameScene.sks */; };
		EEE61BF52907FBA6003605D9 /* Actions.sks in Resources */ = {isa = PBXBuildFile; fileRef = EEE61BF42907FBA6003605D9 /* Actions.sks */; };
		EEE61BF72907FBA6003605D9 /* GameScene.swift in Sources */ = {isa = PBXBuildFile; fileRef = EEE61BF62907FBA6003605D9 /* GameScene.swift */; };
		EEE61BF92907FBA6003605D9 /* GameViewController.swift in Sources */ = {isa = PBXBuildFile; fileRef = EEE61BF82907FBA6003605D9 /* GameViewController.swift */; };
		EEE61BFC2907FBA6003605D9 /* Main.storyboard in Resources */ = {isa = PBXBuildFile; fileRef = EEE61BFA2907FBA6003605D9 /* Main.storyboard */; };
		EEE61BFE2907FBA8003605D9 /* Assets.xcassets in Resources */ = {isa = PBXBuildFile; fileRef = EEE61BFD2907FBA8003605D9 /* Assets.xcassets */; };
		EEE61C012907FBA8003605D9 /* LaunchScreen.storyboard in Resources */ = {isa = PBXBuildFile; fileRef = EEE61BFF2907FBA8003605D9 /* LaunchScreen.storyboard */; };
		EEF07411290927BB001069E3 /* Game.swift in Sources */ = {isa = PBXBuildFile; fileRef = EEF07410290927BB001069E3 /* Game.swift */; };
/* End PBXBuildFile section */

/* Begin PBXFileReference section */
		EE52CEBB2909773100EDD745 /* Info.plist */ = {isa = PBXFileReference; lastKnownFileType = text.plist; path = Info.plist; sourceTree = "<group>"; };
		EEB84DCF29081EF6001322E2 /* Bird.swift */ = {isa = PBXFileReference; lastKnownFileType = sourcecode.swift; path = Bird.swift; sourceTree = "<group>"; };
		EEB84DD12908211E001322E2 /* FinalViewController.swift */ = {isa = PBXFileReference; lastKnownFileType = sourcecode.swift; path = FinalViewController.swift; sourceTree = "<group>"; };
		EEE61BED2907FBA6003605D9 /* FollowTheOrder.app */ = {isa = PBXFileReference; explicitFileType = wrapper.application; includeInIndex = 0; path = FollowTheOrder.app; sourceTree = BUILT_PRODUCTS_DIR; };
		EEE61BF02907FBA6003605D9 /* AppDelegate.swift */ = {isa = PBXFileReference; lastKnownFileType = sourcecode.swift; path = AppDelegate.swift; sourceTree = "<group>"; };
		EEE61BF22907FBA6003605D9 /* GameScene.sks */ = {isa = PBXFileReference; lastKnownFileType = file.sks; path = GameScene.sks; sourceTree = "<group>"; };
		EEE61BF42907FBA6003605D9 /* Actions.sks */ = {isa = PBXFileReference; lastKnownFileType = file.sks; path = Actions.sks; sourceTree = "<group>"; };
		EEE61BF62907FBA6003605D9 /* GameScene.swift */ = {isa = PBXFileReference; lastKnownFileType = sourcecode.swift; path = GameScene.swift; sourceTree = "<group>"; };
		EEE61BF82907FBA6003605D9 /* GameViewController.swift */ = {isa = PBXFileReference; lastKnownFileType = sourcecode.swift; path = GameViewController.swift; sourceTree = "<group>"; };
		EEE61BFB2907FBA6003605D9 /* Base */ = {isa = PBXFileReference; lastKnownFileType = file.storyboard; name = Base; path = Base.lproj/Main.storyboard; sourceTree = "<group>"; };
		EEE61BFD2907FBA8003605D9 /* Assets.xcassets */ = {isa = PBXFileReference; lastKnownFileType = folder.assetcatalog; path = Assets.xcassets; sourceTree = "<group>"; };
		EEE61C002907FBA8003605D9 /* Base */ = {isa = PBXFileReference; lastKnownFileType = file.storyboard; name = Base; path = Base.lproj/LaunchScreen.storyboard; sourceTree = "<group>"; };
		EEF07410290927BB001069E3 /* Game.swift */ = {isa = PBXFileReference; lastKnownFileType = sourcecode.swift; path = Game.swift; sourceTree = "<group>"; };
/* End PBXFileReference section */

/* Begin PBXFrameworksBuildPhase section */
		EEE61BEA2907FBA6003605D9 /* Frameworks */ = {
			isa = PBXFrameworksBuildPhase;
			buildActionMask = 2147483647;
			files = (
			);
			runOnlyForDeploymentPostprocessing = 0;
		};
/* End PBXFrameworksBuildPhase section */

/* Begin PBXGroup section */
		EEE61BE42907FBA6003605D9 = {
			isa = PBXGroup;
			children = (
				EEE61BEF2907FBA6003605D9 /* FollowTheOrder */,
				EEE61BEE2907FBA6003605D9 /* Products */,
			);
			sourceTree = "<group>";
		};
		EEE61BEE2907FBA6003605D9 /* Products */ = {
			isa = PBXGroup;
			children = (
				EEE61BED2907FBA6003605D9 /* FollowTheOrder.app */,
			);
			name = Products;
			sourceTree = "<group>";
		};
		EEE61BEF2907FBA6003605D9 /* FollowTheOrder */ = {
			isa = PBXGroup;
			children = (
				EE52CEBB2909773100EDD745 /* Info.plist */,
				EEE61BF02907FBA6003605D9 /* AppDelegate.swift */,
				EEE61BF22907FBA6003605D9 /* GameScene.sks */,
				EEE61BF42907FBA6003605D9 /* Actions.sks */,
				EEE61BF62907FBA6003605D9 /* GameScene.swift */,
				EEB84DCF29081EF6001322E2 /* Bird.swift */,
				EEF07410290927BB001069E3 /* Game.swift */,
				EEE61BF82907FBA6003605D9 /* GameViewController.swift */,
				EEB84DD12908211E001322E2 /* FinalViewController.swift */,
				EEE61BFA2907FBA6003605D9 /* Main.storyboard */,
				EEE61BFD2907FBA8003605D9 /* Assets.xcassets */,
				EEE61BFF2907FBA8003605D9 /* LaunchScreen.storyboard */,
			);
			path = FollowTheOrder;
			sourceTree = "<group>";
		};
/* End PBXGroup section */

/* Begin PBXNativeTarget section */
		EEE61BEC2907FBA6003605D9 /* FollowTheOrder */ = {
			isa = PBXNativeTarget;
			buildConfigurationList = EEE61C042907FBA8003605D9 /* Build configuration list for PBXNativeTarget "FollowTheOrder" */;
			buildPhases = (
				EEE61BE92907FBA6003605D9 /* Sources */,
				EEE61BEA2907FBA6003605D9 /* Frameworks */,
				EEE61BEB2907FBA6003605D9 /* Resources */,
			);
			buildRules = (
			);
			dependencies = (
			);
			name = FollowTheOrder;
			productName = FollowTheOrder;
			productReference = EEE61BED2907FBA6003605D9 /* FollowTheOrder.app */;
			productType = "com.apple.product-type.application";
		};
/* End PBXNativeTarget section */

/* Begin PBXProject section */
		EEE61BE52907FBA6003605D9 /* Project object */ = {
			isa = PBXProject;
			attributes = {
				BuildIndependentTargetsInParallel = 1;
				LastSwiftUpdateCheck = 1330;
				LastUpgradeCheck = 1330;
				TargetAttributes = {
					EEE61BEC2907FBA6003605D9 = {
						CreatedOnToolsVersion = 13.3.1;
					};
				};
			};
			buildConfigurationList = EEE61BE82907FBA6003605D9 /* Build configuration list for PBXProject "FollowTheOrder" */;
			compatibilityVersion = "Xcode 13.0";
			developmentRegion = en;
			hasScannedForEncodings = 0;
			knownRegions = (
				en,
				Base,
			);
			mainGroup = EEE61BE42907FBA6003605D9;
			productRefGroup = EEE61BEE2907FBA6003605D9 /* Products */;
			projectDirPath = "";
			projectRoot = "";
			targets = (
				EEE61BEC2907FBA6003605D9 /* FollowTheOrder */,
			);
		};
/* End PBXProject section */

/* Begin PBXResourcesBuildPhase section */
		EEE61BEB2907FBA6003605D9 /* Resources */ = {
			isa = PBXResourcesBuildPhase;
			buildActionMask = 2147483647;
			files = (
				EEE61BFC2907FBA6003605D9 /* Main.storyboard in Resources */,
				EEE61BF32907FBA6003605D9 /* GameScene.sks in Resources */,
				EEE61BFE2907FBA8003605D9 /* Assets.xcassets in Resources */,
				EEE61C012907FBA8003605D9 /* LaunchScreen.storyboard in Resources */,
				EEE61BF52907FBA6003605D9 /* Actions.sks in Resources */,
			);
			runOnlyForDeploymentPostprocessing = 0;
		};
/* End PBXResourcesBuildPhase section */

/* Begin PBXSourcesBuildPhase section */
		EEE61BE92907FBA6003605D9 /* Sources */ = {
			isa = PBXSourcesBuildPhase;
			buildActionMask = 2147483647;
			files = (
				EEB84DD22908211E001322E2 /* FinalViewController.swift in Sources */,
				EEF07411290927BB001069E3 /* Game.swift in Sources */,
				EEE61BF72907FBA6003605D9 /* GameScene.swift in Sources */,
				EEE61BF92907FBA6003605D9 /* GameViewController.swift in Sources */,
				EEB84DD029081EF6001322E2 /* Bird.swift in Sources */,
				EEE61BF12907FBA6003605D9 /* AppDelegate.swift in Sources */,
			);
			runOnlyForDeploymentPostprocessing = 0;
		};
/* End PBXSourcesBuildPhase section */

/* Begin PBXVariantGroup section */
		EEE61BFA2907FBA6003605D9 /* Main.storyboard */ = {
			isa = PBXVariantGroup;
			children = (
				EEE61BFB2907FBA6003605D9 /* Base */,
			);
			name = Main.storyboard;
			sourceTree = "<group>";
		};
		EEE61BFF2907FBA8003605D9 /* LaunchScreen.storyboard */ = {
			isa = PBXVariantGroup;
			children = (
				EEE61C002907FBA8003605D9 /* Base */,
			);
			name = LaunchScreen.storyboard;
			sourceTree = "<group>";
		};
/* End PBXVariantGroup section */

/* Begin XCBuildConfiguration section */
		EEE61C022907FBA8003605D9 /* Debug */ = {
			isa = XCBuildConfiguration;
			buildSettings = {
				ALWAYS_SEARCH_USER_PATHS = NO;
				CLANG_ANALYZER_NONNULL = YES;
				CLANG_ANALYZER_NUMBER_OBJECT_CONVERSION = YES_AGGRESSIVE;
				CLANG_CXX_LANGUAGE_STANDARD = "gnu++17";
				CLANG_ENABLE_MODULES = YES;
				CLANG_ENABLE_OBJC_ARC = YES;
				CLANG_ENABLE_OBJC_WEAK = YES;
				CLANG_WARN_BLOCK_CAPTURE_AUTORELEASING = YES;
				CLANG_WARN_BOOL_CONVERSION = YES;
				CLANG_WARN_COMMA = YES;
				CLANG_WARN_CONSTANT_CONVERSION = YES;
				CLANG_WARN_DEPRECATED_OBJC_IMPLEMENTATIONS = YES;
				CLANG_WARN_DIRECT_OBJC_ISA_USAGE = YES_ERROR;
				CLANG_WARN_DOCUMENTATION_COMMENTS = YES;
				CLANG_WARN_EMPTY_BODY = YES;
				CLANG_WARN_ENUM_CONVERSION = YES;
				CLANG_WARN_INFINITE_RECURSION = YES;
				CLANG_WARN_INT_CONVERSION = YES;
				CLANG_WARN_NON_LITERAL_NULL_CONVERSION = YES;
				CLANG_WARN_OBJC_IMPLICIT_RETAIN_SELF = YES;
				CLANG_WARN_OBJC_LITERAL_CONVERSION = YES;
				CLANG_WARN_OBJC_ROOT_CLASS = YES_ERROR;
				CLANG_WARN_QUOTED_INCLUDE_IN_FRAMEWORK_HEADER = YES;
				CLANG_WARN_RANGE_LOOP_ANALYSIS = YES;
				CLANG_WARN_STRICT_PROTOTYPES = YES;
				CLANG_WARN_SUSPICIOUS_MOVE = YES;
				CLANG_WARN_UNGUARDED_AVAILABILITY = YES_AGGRESSIVE;
				CLANG_WARN_UNREACHABLE_CODE = YES;
				CLANG_WARN__DUPLICATE_METHOD_MATCH = YES;
				COPY_PHASE_STRIP = NO;
				DEBUG_INFORMATION_FORMAT = dwarf;
				ENABLE_STRICT_OBJC_MSGSEND = YES;
				ENABLE_TESTABILITY = YES;
				GCC_C_LANGUAGE_STANDARD = gnu11;
				GCC_DYNAMIC_NO_PIC = NO;
				GCC_NO_COMMON_BLOCKS = YES;
				GCC_OPTIMIZATION_LEVEL = 0;
				GCC_PREPROCESSOR_DEFINITIONS = (
					"DEBUG=1",
					"$(inherited)",
				);
				GCC_WARN_64_TO_32_BIT_CONVERSION = YES;
				GCC_WARN_ABOUT_RETURN_TYPE = YES_ERROR;
				GCC_WARN_UNDECLARED_SELECTOR = YES;
				GCC_WARN_UNINITIALIZED_AUTOS = YES_AGGRESSIVE;
				GCC_WARN_UNUSED_FUNCTION = YES;
				GCC_WARN_UNUSED_VARIABLE = YES;
				IPHONEOS_DEPLOYMENT_TARGET = 15.4;
				MTL_ENABLE_DEBUG_INFO = INCLUDE_SOURCE;
				MTL_FAST_MATH = YES;
				ONLY_ACTIVE_ARCH = YES;
				SDKROOT = iphoneos;
				SWIFT_ACTIVE_COMPILATION_CONDITIONS = DEBUG;
				SWIFT_OPTIMIZATION_LEVEL = "-Onone";
			};
			name = Debug;
		};
		EEE61C032907FBA8003605D9 /* Release */ = {
			isa = XCBuildConfiguration;
			buildSettings = {
				ALWAYS_SEARCH_USER_PATHS = NO;
				CLANG_ANALYZER_NONNULL = YES;
				CLANG_ANALYZER_NUMBER_OBJECT_CONVERSION = YES_AGGRESSIVE;
				CLANG_CXX_LANGUAGE_STANDARD = "gnu++17";
				CLANG_ENABLE_MODULES = YES;
				CLANG_ENABLE_OBJC_ARC = YES;
				CLANG_ENABLE_OBJC_WEAK = YES;
				CLANG_WARN_BLOCK_CAPTURE_AUTORELEASING = YES;
				CLANG_WARN_BOOL_CONVERSION = YES;
				CLANG_WARN_COMMA = YES;
				CLANG_WARN_CONSTANT_CONVERSION = YES;
				CLANG_WARN_DEPRECATED_OBJC_IMPLEMENTATIONS = YES;
				CLANG_WARN_DIRECT_OBJC_ISA_USAGE = YES_ERROR;
				CLANG_WARN_DOCUMENTATION_COMMENTS = YES;
				CLANG_WARN_EMPTY_BODY = YES;
				CLANG_WARN_ENUM_CONVERSION = YES;
				CLANG_WARN_INFINITE_RECURSION = YES;
				CLANG_WARN_INT_CONVERSION = YES;
				CLANG_WARN_NON_LITERAL_NULL_CONVERSION = YES;
				CLANG_WARN_OBJC_IMPLICIT_RETAIN_SELF = YES;
				CLANG_WARN_OBJC_LITERAL_CONVERSION = YES;
				CLANG_WARN_OBJC_ROOT_CLASS = YES_ERROR;
				CLANG_WARN_QUOTED_INCLUDE_IN_FRAMEWORK_HEADER = YES;
				CLANG_WARN_RANGE_LOOP_ANALYSIS = YES;
				CLANG_WARN_STRICT_PROTOTYPES = YES;
				CLANG_WARN_SUSPICIOUS_MOVE = YES;
				CLANG_WARN_UNGUARDED_AVAILABILITY = YES_AGGRESSIVE;
				CLANG_WARN_UNREACHABLE_CODE = YES;
				CLANG_WARN__DUPLICATE_METHOD_MATCH = YES;
				COPY_PHASE_STRIP = NO;
				DEBUG_INFORMATION_FORMAT = "dwarf-with-dsym";
				ENABLE_NS_ASSERTIONS = NO;
				ENABLE_STRICT_OBJC_MSGSEND = YES;
				GCC_C_LANGUAGE_STANDARD = gnu11;
				GCC_NO_COMMON_BLOCKS = YES;
				GCC_WARN_64_TO_32_BIT_CONVERSION = YES;
				GCC_WARN_ABOUT_RETURN_TYPE = YES_ERROR;
				GCC_WARN_UNDECLARED_SELECTOR = YES;
				GCC_WARN_UNINITIALIZED_AUTOS = YES_AGGRESSIVE;
				GCC_WARN_UNUSED_FUNCTION = YES;
				GCC_WARN_UNUSED_VARIABLE = YES;
				IPHONEOS_DEPLOYMENT_TARGET = 15.4;
				MTL_ENABLE_DEBUG_INFO = NO;
				MTL_FAST_MATH = YES;
				SDKROOT = iphoneos;
				SWIFT_COMPILATION_MODE = wholemodule;
				SWIFT_OPTIMIZATION_LEVEL = "-O";
				VALIDATE_PRODUCT = YES;
			};
			name = Release;
		};
		EEE61C052907FBA8003605D9 /* Debug */ = {
			isa = XCBuildConfiguration;
			buildSettings = {
				ASSETCATALOG_COMPILER_APPICON_NAME = AppIcon;
				ASSETCATALOG_COMPILER_GLOBAL_ACCENT_COLOR_NAME = AccentColor;
				CODE_SIGN_STYLE = Automatic;
				CURRENT_PROJECT_VERSION = 1;
				DEVELOPMENT_TEAM = 83DGL53YN8;
				GENERATE_INFOPLIST_FILE = YES;
				INFOPLIST_FILE = FollowTheOrder/Info.plist;
				INFOPLIST_KEY_UIApplicationSupportsIndirectInputEvents = YES;
				INFOPLIST_KEY_UILaunchStoryboardName = LaunchScreen;
				INFOPLIST_KEY_UIMainStoryboardFile = Main;
				INFOPLIST_KEY_UIStatusBarHidden = YES;
				INFOPLIST_KEY_UISupportedInterfaceOrientations_iPad = "UIInterfaceOrientationPortrait UIInterfaceOrientationPortraitUpsideDown UIInterfaceOrientationLandscapeLeft UIInterfaceOrientationLandscapeRight";
				INFOPLIST_KEY_UISupportedInterfaceOrientations_iPhone = "UIInterfaceOrientationPortrait UIInterfaceOrientationLandscapeLeft UIInterfaceOrientationLandscapeRight";
				LD_RUNPATH_SEARCH_PATHS = (
					"$(inherited)",
					"@executable_path/Frameworks",
				);
				MARKETING_VERSION = 1.0;
				PRODUCT_BUNDLE_IDENTIFIER = brusik.FollowTheOrder;
				PRODUCT_NAME = "$(TARGET_NAME)";
				SWIFT_EMIT_LOC_STRINGS = YES;
				SWIFT_VERSION = 5.0;
				TARGETED_DEVICE_FAMILY = "1,2";
			};
			name = Debug;
		};
		EEE61C062907FBA8003605D9 /* Release */ = {
			isa = XCBuildConfiguration;
			buildSettings = {
				ASSETCATALOG_COMPILER_APPICON_NAME = AppIcon;
				ASSETCATALOG_COMPILER_GLOBAL_ACCENT_COLOR_NAME = AccentColor;
				CODE_SIGN_STYLE = Automatic;
				CURRENT_PROJECT_VERSION = 1;
				DEVELOPMENT_TEAM = 83DGL53YN8;
				GENERATE_INFOPLIST_FILE = YES;
				INFOPLIST_FILE = FollowTheOrder/Info.plist;
				INFOPLIST_KEY_UIApplicationSupportsIndirectInputEvents = YES;
				INFOPLIST_KEY_UILaunchStoryboardName = LaunchScreen;
				INFOPLIST_KEY_UIMainStoryboardFile = Main;
				INFOPLIST_KEY_UIStatusBarHidden = YES;
				INFOPLIST_KEY_UISupportedInterfaceOrientations_iPad = "UIInterfaceOrientationPortrait UIInterfaceOrientationPortraitUpsideDown UIInterfaceOrientationLandscapeLeft UIInterfaceOrientationLandscapeRight";
				INFOPLIST_KEY_UISupportedInterfaceOrientations_iPhone = "UIInterfaceOrientationPortrait UIInterfaceOrientationLandscapeLeft UIInterfaceOrientationLandscapeRight";
				LD_RUNPATH_SEARCH_PATHS = (
					"$(inherited)",
					"@executable_path/Frameworks",
				);
				MARKETING_VERSION = 1.0;
				PRODUCT_BUNDLE_IDENTIFIER = brusik.FollowTheOrder;
				PRODUCT_NAME = "$(TARGET_NAME)";
				SWIFT_EMIT_LOC_STRINGS = YES;
				SWIFT_VERSION = 5.0;
				TARGETED_DEVICE_FAMILY = "1,2";
			};
			name = Release;
		};
/* End XCBuildConfiguration section */

/* Begin XCConfigurationList section */
		EEE61BE82907FBA6003605D9 /* Build configuration list for PBXProject "FollowTheOrder" */ = {
			isa = XCConfigurationList;
			buildConfigurations = (
				EEE61C022907FBA8003605D9 /* Debug */,
				EEE61C032907FBA8003605D9 /* Release */,
			);
			defaultConfigurationIsVisible = 0;
			defaultConfigurationName = Release;
		};
		EEE61C042907FBA8003605D9 /* Build configuration list for PBXNativeTarget "FollowTheOrder" */ = {
			isa = XCConfigurationList;
			buildConfigurations = (
				EEE61C052907FBA8003605D9 /* Debug */,
				EEE61C062907FBA8003605D9 /* Release */,
			);
			defaultConfigurationIsVisible = 0;
			defaultConfigurationName = Release;
		};
/* End XCConfigurationList section */
	};
	rootObject = EEE61BE52907FBA6003605D9 /* Project object */;
}
